{
  "name": "ai_daily_brief",
  "version": "1.0.0",
  "lockfileVersion": 3,
  "requires": true,
  "packages": {
    "": {
      "name": "ai_daily_brief",
      "version": "1.0.0",
      "license": "ISC",
      "devDependencies": {
        "@playwright/test": "^1.60.0",
        "@types/node": "^25.9.1",
        "supabase": "^2.103.0"
      }
    },
    "node_modules/@playwright/test": {
      "version": "1.60.0",
      "resolved": "https://registry.npmjs.org/@playwright/test/-/test-1.60.0.tgz",
      "integrity": "sha512-O71yZIbAh/PxDMNGns37GHBIfrVkEVyn+AXyIa5dOTfb4/xNvRWV+Vv/NMbNCtODB/pO7vLlF2OTmMVLhmr7Ag==",
      "dev": true,
      "dependencies": {
        "playwright": "1.60.0"
      },
      "bin": {
        "playwright": "cli.js"
      },
      "engines": {
        "node": ">=18"
      }
    },
    "node_modules/@supabase/cli-darwin-arm64": {
      "version": "2.103.0",
      "resolved": "https://registry.npmjs.org/@supabase/cli-darwin-arm64/-/cli-darwin-arm64-2.103.0.tgz",
      "integrity": "sha512-BoOaHyoLuyOtmhxtRti7za3YYH9T05JenEla/zDXikqTiY5yDd63/1RxSF9mXt+ICFMkqHq3oFkFcDP5snumBQ==",
      "cpu": [
        "arm64"
      ],
      "dev": true,
      "optional": true,
      "os": [
        "darwin"
      ]
    },
    "node_modules/@supabase/cli-darwin-x64": {
      "version": "2.103.0",
      "resolved": "https://registry.npmjs.org/@supabase/cli-darwin-x64/-/cli-darwin-x64-2.103.0.tgz",
      "integrity": "sha512-SLBb5lfmIF9G+FanWZQvKG6HQeUKFmMv8ls8ZVm6OnO87pLm4aRKLfFYjeXXtiBiRYMZRwxE/RwrRy0uXc0wqw==",
      "cpu": [
        "x64"
      ],
      "dev": true,
      "optional": true,
      "os": [
        "darwin"
      ]
    },
    "node_modules/@supabase/cli-linux-arm64": {
      "version": "2.103.0",
      "resolved": "https://registry.npmjs.org/@supabase/cli-linux-arm64/-/cli-linux-arm64-2.103.0.tgz",
      "integrity": "sha512-nk0fxTbQho+9OoUmIEBlgvEG69GmooMO1D8Ypt7SzgczNcLfYoCoKV9NMkQRUGi5jFXS5xFrRMPeSa/i3tNgwQ==",
      "cpu": [
        "arm64"
      ],
      "dev": true,
      "optional": true,
      "os": [
        "linux"
      ]
    },
    "node_modules/@supabase/cli-linux-arm64-musl": {
      "version": "2.103.0",
      "resolved": "https://registry.npmjs.org/@supabase/cli-linux-arm64-musl/-/cli-linux-arm64-musl-2.103.0.tgz",
      "integrity": "sha512-zn2N7t/Mx1LUE/knZvJfJwNHKKvEl5KCqob1fetfPXoPN/GcI0UnfJ+V/bkPjhpPA1b8htVhq4brHMcqpV80mA==",
      "cpu": [
        "arm64"
      ],
      "dev": true,
      "optional": true,
      "os": [
        "linux"
      ]
    },
    "node_modules/@supabase/cli-linux-x64": {
      "version": "2.103.0",
      "resolved": "https://registry.npmjs.org/@supabase/cli-linux-x64/-/cli-linux-x64-2.103.0.tgz",
      "integrity": "sha512-xk9ADh4D+luctRgscBzNvYLZa1qAw067IwateSE1AxhO3GOhdN6fiLZszl5LodO7CHmp54204dj+UcMct3KWFQ==",
      "cpu": [
        "x64"
      ],
      "dev": true,
      "optional": true,
      "os": [
        "linux"
      ]
    },
    "node_modules/@supabase/cli-linux-x64-musl": {
      "version": "2.103.0",
      "resolved": "https://registry.npmjs.org/@supabase/cli-linux-x64-musl/-/cli-linux-x64-musl-2.103.0.tgz",
      "integrity": "sha512-/fpuslo5ERFWJxbkRcpUFLV8T7087vOVU+clN2OeYTL8lgxVl04FPL3nW0qDgYeehb9GUeje5adgGvHYS006KA==",
      "cpu": [
        "x64"
      ],
      "dev": true,
      "optional": true,
      "os": [
        "linux"
      ]
    },
    "node_modules/@supabase/cli-windows-arm64": {
      "version": "2.103.0",
      "resolved": "https://registry.npmjs.org/@supabase/cli-windows-arm64/-/cli-windows-arm64-2.103.0.tgz",
      "integrity": "sha512-oz1xMJ2bu/lfVV1WaNegGmzoxoEEaiBMg6g2Jm4aB6qCUgoIIkiXClghEnPotd0DWklpqFCOIp1lUb15mnjK6Q==",
      "cpu": [
        "arm64"
      ],
      "dev": true,
      "optional": true,
      "os": [
        "win32"
      ]
    },
    "node_modules/@supabase/cli-windows-x64": {
      "version": "2.103.0",
      "resolved": "https://registry.npmjs.org/@supabase/cli-windows-x64/-/cli-windows-x64-2.103.0.tgz",
      "integrity": "sha512-jueFJW/QmzWuVis2vGzeSDsrZ3gy5KIsq5vlpmhQF0bWpemgqP7buojPUiHCGSW6+9tTh8za8MraEy7HJGX/wQ==",
      "cpu": [
        "x64"
      ],
      "dev": true,
      "optional": true,
      "os": [
        "win32"
      ]
    },
    "node_modules/@types/node": {
      "version": "25.9.1",
      "resolved": "https://registry.npmjs.org/@types/node/-/node-25.9.1.tgz",
      "integrity": "sha512-xfrlY7UD5rMJk3ZVJP8BNzS28J36YJg+xp+LPXV1TdWxr8uMH5A860QNxYDGQe/ylDSgjxE52Q9VnO7p75tJxg==",
      "dev": true,
      "dependencies": {
        "undici-types": ">=7.24.0 <7.24.7"
      }
    },
    "node_modules/fsevents": {
      "version": "2.3.2",
      "resolved": "https://registry.npmjs.org/fsevents/-/fsevents-2.3.2.tgz",
      "integrity": "sha512-xiqMQR4xAeHTuB9uWm+fFRcIOgKBMiOBP+eXiyT7jsgVCq1bkVygt00oASowB7EdtpOHaaPgKt812P9ab+DDKA==",
      "dev": true,
      "hasInstallScript": true,
      "optional": true,
      "os": [
        "darwin"
      ],
      "engines": {
        "node": "^8.16.0 || ^10.6.0 || >=11.0.0"
      }
    },
    "node_modules/playwright": {
      "version": "1.60.0",
      "resolved": "https://registry.npmjs.org/playwright/-/playwright-1.60.0.tgz",
      "integrity": "sha512-hheHdokM8cdqCb0lcE3s+zT4t4W+vvjpGxsZlDnikarzx8tSzMebh3UiFtgqwFwnTnjYQcsyMF8ei2mCO/tpeA==",
      "dev": true,
      "dependencies": {
        "playwright-core": "1.60.0"
      },
      "bin": {
        "playwright": "cli.js"
      },
      "engines": {
        "node": ">=18"
      },
      "optionalDependencies": {
        "fsevents": "2.3.2"
      }
    },
    "node_modules/playwright-core": {
      "version": "1.60.0",
      "resolved": "https://registry.npmjs.org/playwright-core/-/playwright-core-1.60.0.tgz",
      "integrity": "sha512-9bW6zvX/m0lEbgTKJ6YppOKx8H3VOPBMOCFh2irXFOT4BbHgrx5hPjwJYLT40Lu+4qtD36qKc/Hn56StUW57IA==",
      "dev": true,
      "bin": {
        "playwright-core": "cli.js"
      },
      "engines": {
        "node": ">=18"
      }
    },
    "node_modules/supabase": {
      "version": "2.103.0",
      "resolved": "https://registry.npmjs.org/supabase/-/supabase-2.103.0.tgz",
      "integrity": "sha512-LAdBSEzbmJIAf3UojILFL1DF2npwUpqGZ5FNtuqu9pzUdPMHvICyFeQeQCpUpLNrqmee78LqYwiFBpHtBP/TQQ==",
      "dev": true,
      "bin": {
        "supabase": "dist/supabase.js"
      },
      "optionalDependencies": {
        "@supabase/cli-darwin-arm64": "2.103.0",
        "@supabase/cli-darwin-x64": "2.103.0",
        "@supabase/cli-linux-arm64": "2.103.0",
        "@supabase/cli-linux-arm64-musl": "2.103.0",
        "@supabase/cli-linux-x64": "2.103.0",
        "@supabase/cli-linux-x64-musl": "2.103.0",
        "@supabase/cli-windows-arm64": "2.103.0",
        "@supabase/cli-windows-x64": "2.103.0"
      }
    },
    "node_modules/undici-types": {
      "version": "7.24.6",
      "resolved": "https://registry.npmjs.org/undici-types/-/undici-types-7.24.6.tgz",
      "integrity": "sha512-WRNW+sJgj5OBN4/0JpHFqtqzhpbnV0GuB+OozA9gCL7a993SmU+1JBZCzLNxYsbMfIeDL+lTsphD5jN5N+n0zg==",
      "dev": true
    }
  }
}
